
Microsoft Visual Studio Solution File, Format Version 12.00
# Visual Studio Version 16
VisualStudioVersion = 16.0.30804.86
MinimumVisualStudioVersion = 10.0.40219.1
Project("{FAE04EC0-301F-11D3-BF4B-00C04F79EFBC}") = "EnumWithValues", "EnumWithValues\EnumWithValues.csproj", "{60B13B4D-E6AB-4D81-AE67-A5D27BA53A6D}"
EndProject
Global
	GlobalSection(SolutionConfigurationPlatforms) = preSolution
		Debug|Any CPU = Debug|Any CPU
		Release|Any CPU = Release|Any CPU
	EndGlobalSection
	GlobalSection(ProjectConfigurationPlatforms) = postSolution
		{60B13B4D-E6AB-4D81-AE67-A5D27BA53A6D}.Debug|Any CPU.ActiveCfg = Debug|Any CPU
		{60B13B4D-E6AB-4D81-AE67-A5D27BA53A6D}.Debug|Any CPU.Build.0 = Debug|Any CPU
		{60B13B4D-E6AB-4D81-AE67-A5D27BA53A6D}.Release|Any CPU.ActiveCfg = Release|Any CPU
		{60B13B4D-E6AB-4D81-AE67-A5D27BA53A6D}.Release|Any CPU.Build.0 = Release|Any CPU
	EndGlobalSection
	GlobalSection(SolutionProperties) = preSolution
		HideSolutionNode = FALSE
	EndGlobalSection
	GlobalSection(ExtensibilityGlobals) = postSolution
		SolutionGuid = {2EF6B500-78B3-4D0E-B28C-91D4787F168B}
	EndGlobalSection
EndGlobal
